
Microsoft Visual Studio Solution File, Format Version 12.00
# Visual Studio Version 17
VisualStudioVersion = 17.5.33530.505
MinimumVisualStudioVersion = 10.0.40219.1
Project("{FAE04EC0-301F-11D3-BF4B-00C04F79EFBC}") = "AppCreateDB_200823", "AppCreateDB_200823.csproj", "{6B1177C5-065F-47A1-B8A0-231E6D11D575}"
EndProject
Global
	GlobalSection(SolutionConfigurationPlatforms) = preSolution
		Debug|Any CPU = Debug|Any CPU
		Release|Any CPU = Release|Any CPU
	EndGlobalSection
	GlobalSection(ProjectConfigurationPlatforms) = postSolution
		{6B1177C5-065F-47A1-B8A0-231E6D11D575}.Debug|Any CPU.ActiveCfg = Debug|Any CPU
		{6B1177C5-065F-47A1-B8A0-231E6D11D575}.Debug|Any CPU.Build.0 = Debug|Any CPU
		{6B1177C5-065F-47A1-B8A0-231E6D11D575}.Release|Any CPU.ActiveCfg = Release|Any CPU
		{6B1177C5-065F-47A1-B8A0-231E6D11D575}.Release|Any CPU.Build.0 = Release|Any CPU
	EndGlobalSection
	GlobalSection(SolutionProperties) = preSolution
		HideSolutionNode = FALSE
	EndGlobalSection
	GlobalSection(ExtensibilityGlobals) = postSolution
		SolutionGuid = {2500D5AA-128E-4D8D-B2CF-D3B45AFA59E0}
	EndGlobalSection
EndGlobal
